// !$*UTF8*$!
{
	archiveVersion = 1;
	classes = {
	};
	objectVersion = 50;
	objects = {

/* Begin PBXBuildFile section */
		7154EF3F20AFB8CE0007AE65 /* AppDelegate.swift in Sources */ = {isa = PBXBuildFile; fileRef = 7154EF3E20AFB8CE0007AE65 /* AppDelegate.swift */; };
		7154EF4120AFB8CE0007AE65 /* ViewController.swift in Sources */ = {isa = PBXBuildFile; fileRef = 7154EF4020AFB8CE0007AE65 /* ViewController.swift */; };
		7154EF4420AFB8CE0007AE65 /* Main.storyboard in Resources */ = {isa = PBXBuildFile; fileRef = 7154EF4220AFB8CE0007AE65 /* Main.storyboard */; };
		7154EF4620AFB8D00007AE65 /* Assets.xcassets in Resources */ = {isa = PBXBuildFile; fileRef = 7154EF4520AFB8D00007AE65 /* Assets.xcassets */; };
		7154EF4920AFB8D00007AE65 /* LaunchScreen.storyboard in Resources */ = {isa = PBXBuildFile; fileRef = 7154EF4720AFB8D00007AE65 /* LaunchScreen.storyboard */; };
		7154EF5420AFB8D00007AE65 /* del2Tests.swift in Sources */ = {isa = PBXBuildFile; fileRef = 7154EF5320AFB8D00007AE65 /* del2Tests.swift */; };
		7154EF5F20AFB8D00007AE65 /* del2UITests.swift in Sources */ = {isa = PBXBuildFile; fileRef = 7154EF5E20AFB8D00007AE65 /* del2UITests.swift */; };
/* End PBXBuildFile section */

/* Begin PBXContainerItemProxy section */
		7154EF5020AFB8D00007AE65 /* PBXContainerItemProxy */ = {
			isa = PBXContainerItemProxy;
			containerPortal = 7154EF3320AFB8CE0007AE65 /* Project object */;
			proxyType = 1;
			remoteGlobalIDString = 7154EF3A20AFB8CE0007AE65;
			remoteInfo = del2;
		};
		7154EF5B20AFB8D00007AE65 /* PBXContainerItemProxy */ = {
			isa = PBXContainerItemProxy;
			containerPortal = 7154EF3320AFB8CE0007AE65 /* Project object */;
			proxyType = 1;
			remoteGlobalIDString = 7154EF3A20AFB8CE0007AE65;
			remoteInfo = del2;
		};
/* End PBXContainerItemProxy section */

/* Begin PBXFileReference section */
		7154EF3B20AFB8CE0007AE65 /* del2.app */ = {isa = PBXFileReference; explicitFileType = wrapper.application; includeInIndex = 0; path = del2.app; sourceTree = BUILT_PRODUCTS_DIR; };
		7154EF3E20AFB8CE0007AE65 /* AppDelegate.swift */ = {isa = PBXFileReference; lastKnownFileType = sourcecode.swift; path = AppDelegate.swift; sourceTree = "<group>"; };
		7154EF4020AFB8CE0007AE65 /* ViewController.swift */ = {isa = PBXFileReference; lastKnownFileType = sourcecode.swift; path = ViewController.swift; sourceTree = "<group>"; };
		7154EF4320AFB8CE0007AE65 /* Base */ = {isa = PBXFileReference; lastKnownFileType = file.storyboard; name = Base; path = Base.lproj/Main.storyboard; sourceTree = "<group>"; };
		7154EF4520AFB8D00007AE65 /* Assets.xcassets */ = {isa = PBXFileReference; lastKnownFileType = folder.assetcatalog; path = Assets.xcassets; sourceTree = "<group>"; };
		7154EF4820AFB8D00007AE65 /* Base */ = {isa = PBXFileReference; lastKnownFileType = file.storyboard; name = Base; path = Base.lproj/LaunchScreen.storyboard; sourceTree = "<group>"; };
		7154EF4A20AFB8D00007AE65 /* Info.plist */ = {isa = PBXFileReference; lastKnownFileType = text.plist.xml; path = Info.plist; sourceTree = "<group>"; };
		7154EF4F20AFB8D00007AE65 /* del2Tests.xctest */ = {isa = PBXFileReference; explicitFileType = wrapper.cfbundle; includeInIndex = 0; path = del2Tests.xctest; sourceTree = BUILT_PRODUCTS_DIR; };
		7154EF5320AFB8D00007AE65 /* del2Tests.swift */ = {isa = PBXFileReference; lastKnownFileType = sourcecode.swift; path = del2Tests.swift; sourceTree = "<group>"; };
		7154EF5520AFB8D00007AE65 /* Info.plist */ = {isa = PBXFileReference; lastKnownFileType = text.plist.xml; path = Info.plist; sourceTree = "<group>"; };
		7154EF5A20AFB8D00007AE65 /* del2UITests.xctest */ = {isa = PBXFileReference; explicitFileType = wrapper.cfbundle; includeInIndex = 0; path = del2UITests.xctest; sourceTree = BUILT_PRODUCTS_DIR; };
		7154EF5E20AFB8D00007AE65 /* del2UITests.swift */ = {isa = PBXFileReference; lastKnownFileType = sourcecode.swift; path = del2UITests.swift; sourceTree = "<group>"; };
		7154EF6020AFB8D00007AE65 /* Info.plist */ = {isa = PBXFileReference; lastKnownFileType = text.plist.xml; path = Info.plist; sourceTree = "<group>"; };
/* End PBXFileReference section */

/* Begin PBXFrameworksBuildPhase section */
		7154EF3820AFB8CE0007AE65 /* Frameworks */ = {
			isa = PBXFrameworksBuildPhase;
			buildActionMask = 2147483647;
			files = (
			);
			runOnlyForDeploymentPostprocessing = 0;
		};
		7154EF4C20AFB8D00007AE65 /* Frameworks */ = {
			isa = PBXFrameworksBuildPhase;
			buildActionMask = 2147483647;
			files = (
			);
			runOnlyForDeploymentPostprocessing = 0;
		};
		7154EF5720AFB8D00007AE65 /* Frameworks */ = {
			isa = PBXFrameworksBuildPhase;
			buildActionMask = 2147483647;
			files = (
			);
			runOnlyForDeploymentPostprocessing = 0;
		};
/* End PBXFrameworksBuildPhase section */

/* Begin PBXGroup section */
		7154EF3220AFB8CE0007AE65 = {
			isa = PBXGroup;
			children = (
				7154EF3D20AFB8CE0007AE65 /* del2 */,
				7154EF5220AFB8D00007AE65 /* del2Tests */,
				7154EF5D20AFB8D00007AE65 /* del2UITests */,
				7154EF3C20AFB8CE0007AE65 /* Products */,
			);
			sourceTree = "<group>";
		};
		7154EF3C20AFB8CE0007AE65 /* Products */ = {
			isa = PBXGroup;
			children = (
				7154EF3B20AFB8CE0007AE65 /* del2.app */,
				7154EF4F20AFB8D00007AE65 /* del2Tests.xctest */,
				7154EF5A20AFB8D00007AE65 /* del2UITests.xctest */,
			);
			name = Products;
			sourceTree = "<group>";
		};
		7154EF3D20AFB8CE0007AE65 /* del2 */ = {
			isa = PBXGroup;
			children = (
				7154EF3E20AFB8CE0007AE65 /* AppDelegate.swift */,
				7154EF4020AFB8CE0007AE65 /* ViewController.swift */,
				7154EF4220AFB8CE0007AE65 /* Main.storyboard */,
				7154EF4520AFB8D00007AE65 /* Assets.xcassets */,
				7154EF4720AFB8D00007AE65 /* LaunchScreen.storyboard */,
				7154EF4A20AFB8D00007AE65 /* Info.plist */,
			);
			path = del2;
			sourceTree = "<group>";
		};
		7154EF5220AFB8D00007AE65 /* del2Tests */ = {
			isa = PBXGroup;
			children = (
				7154EF5320AFB8D00007AE65 /* del2Tests.swift */,
				7154EF5520AFB8D00007AE65 /* Info.plist */,
			);
			path = del2Tests;
			sourceTree = "<group>";
		};
		7154EF5D20AFB8D00007AE65 /* del2UITests */ = {
			isa = PBXGroup;
			children = (
				7154EF5E20AFB8D00007AE65 /* del2UITests.swift */,
				7154EF6020AFB8D00007AE65 /* Info.plist */,
			);
			path = del2UITests;
			sourceTree = "<group>";
		};
/* End PBXGroup section */

/* Begin PBXNativeTarget section */
		7154EF3A20AFB8CE0007AE65 /* del2 */ = {
			isa = PBXNativeTarget;
			buildConfigurationList = 7154EF6320AFB8D00007AE65 /* Build configuration list for PBXNativeTarget "del2" */;
			buildPhases = (
				7154EF3720AFB8CE0007AE65 /* Sources */,
				7154EF3820AFB8CE0007AE65 /* Frameworks */,
				7154EF3920AFB8CE0007AE65 /* Resources */,
			);
			buildRules = (
			);
			dependencies = (
			);
			name = del2;
			productName = del2;
			productReference = 7154EF3B20AFB8CE0007AE65 /* del2.app */;
			productType = "com.apple.product-type.application";
		};
		7154EF4E20AFB8D00007AE65 /* del2Tests */ = {
			isa = PBXNativeTarget;
			buildConfigurationList = 7154EF6620AFB8D00007AE65 /* Build configuration list for PBXNativeTarget "del2Tests" */;
			buildPhases = (
				7154EF4B20AFB8D00007AE65 /* Sources */,
				7154EF4C20AFB8D00007AE65 /* Frameworks */,
				7154EF4D20AFB8D00007AE65 /* Resources */,
			);
			buildRules = (
			);
			dependencies = (
				7154EF5120AFB8D00007AE65 /* PBXTargetDependency */,
			);
			name = del2Tests;
			productName = del2Tests;
			productReference = 7154EF4F20AFB8D00007AE65 /* del2Tests.xctest */;
			productType = "com.apple.product-type.bundle.unit-test";
		};
		7154EF5920AFB8D00007AE65 /* del2UITests */ = {
			isa = PBXNativeTarget;
			buildConfigurationList = 7154EF6920AFB8D00007AE65 /* Build configuration list for PBXNativeTarget "del2UITests" */;
			buildPhases = (
				7154EF5620AFB8D00007AE65 /* Sources */,
				7154EF5720AFB8D00007AE65 /* Frameworks */,
				7154EF5820AFB8D00007AE65 /* Resources */,
			);
			buildRules = (
			);
			dependencies = (
				7154EF5C20AFB8D00007AE65 /* PBXTargetDependency */,
			);
			name = del2UITests;
			productName = del2UITests;
			productReference = 7154EF5A20AFB8D00007AE65 /* del2UITests.xctest */;
			productType = "com.apple.product-type.bundle.ui-testing";
		};
/* End PBXNativeTarget section */

/* Begin PBXProject section */
		7154EF3320AFB8CE0007AE65 /* Project object */ = {
			isa = PBXProject;
			attributes = {
				LastSwiftUpdateCheck = 0930;
				LastUpgradeCheck = 0930;
				ORGANIZATIONNAME = "Tsuyoshi Komorita";
				TargetAttributes = {
					7154EF3A20AFB8CE0007AE65 = {
						CreatedOnToolsVersion = 9.3.1;
					};
					7154EF4E20AFB8D00007AE65 = {
						CreatedOnToolsVersion = 9.3.1;
						TestTargetID = 7154EF3A20AFB8CE0007AE65;
					};
					7154EF5920AFB8D00007AE65 = {
						CreatedOnToolsVersion = 9.3.1;
						TestTargetID = 7154EF3A20AFB8CE0007AE65;
					};
				};
			};
			buildConfigurationList = 7154EF3620AFB8CE0007AE65 /* Build configuration list for PBXProject "del2" */;
			compatibilityVersion = "Xcode 9.3";
			developmentRegion = en;
			hasScannedForEncodings = 0;
			knownRegions = (
				en,
				Base,
			);
			mainGroup = 7154EF3220AFB8CE0007AE65;
			productRefGroup = 7154EF3C20AFB8CE0007AE65 /* Products */;
			projectDirPath = "";
			projectRoot = "";
			targets = (
				7154EF3A20AFB8CE0007AE65 /* del2 */,
				7154EF4E20AFB8D00007AE65 /* del2Tests */,
				7154EF5920AFB8D00007AE65 /* del2UITests */,
			);
		};
/* End PBXProject section */

/* Begin PBXResourcesBuildPhase section */
		7154EF3920AFB8CE0007AE65 /* Resources */ = {
			isa = PBXResourcesBuildPhase;
			buildActionMask = 2147483647;
			files = (
				7154EF4920AFB8D00007AE65 /* LaunchScreen.storyboard in Resources */,
				7154EF4620AFB8D00007AE65 /* Assets.xcassets in Resources */,
				7154EF4420AFB8CE0007AE65 /* Main.storyboard in Resources */,
			);
			runOnlyForDeploymentPostprocessing = 0;
		};
		7154EF4D20AFB8D00007AE65 /* Resources */ = {
			isa = PBXResourcesBuildPhase;
			buildActionMask = 2147483647;
			files = (
			);
			runOnlyForDeploymentPostprocessing = 0;
		};
		7154EF5820AFB8D00007AE65 /* Resources */ = {
			isa = PBXResourcesBuildPhase;
			buildActionMask = 2147483647;
			files = (
			);
			runOnlyForDeploymentPostprocessing = 0;
		};
/* End PBXResourcesBuildPhase section */

/* Begin PBXSourcesBuildPhase section */
		7154EF3720AFB8CE0007AE65 /* Sources */ = {
			isa = PBXSourcesBuildPhase;
			buildActionMask = 2147483647;
			files = (
				7154EF4120AFB8CE0007AE65 /* ViewController.swift in Sources */,
				7154EF3F20AFB8CE0007AE65 /* AppDelegate.swift in Sources */,
			);
			runOnlyForDeploymentPostprocessing = 0;
		};
		7154EF4B20AFB8D00007AE65 /* Sources */ = {
			isa = PBXSourcesBuildPhase;
			buildActionMask = 2147483647;
			files = (
				7154EF5420AFB8D00007AE65 /* del2Tests.swift in Sources */,
			);
			runOnlyForDeploymentPostprocessing = 0;
		};
		7154EF5620AFB8D00007AE65 /* Sources */ = {
			isa = PBXSourcesBuildPhase;
			buildActionMask = 2147483647;
			files = (
				7154EF5F20AFB8D00007AE65 /* del2UITests.swift in Sources */,
			);
			runOnlyForDeploymentPostprocessing = 0;
		};
/* End PBXSourcesBuildPhase section */

/* Begin PBXTargetDependency section */
		7154EF5120AFB8D00007AE65 /* PBXTargetDependency */ = {
			isa = PBXTargetDependency;
			target = 7154EF3A20AFB8CE0007AE65 /* del2 */;
			targetProxy = 7154EF5020AFB8D00007AE65 /* PBXContainerItemProxy */;
		};
		7154EF5C20AFB8D00007AE65 /* PBXTargetDependency */ = {
			isa = PBXTargetDependency;
			target = 7154EF3A20AFB8CE0007AE65 /* del2 */;
			targetProxy = 7154EF5B20AFB8D00007AE65 /* PBXContainerItemProxy */;
		};
/* End PBXTargetDependency section */

/* Begin PBXVariantGroup section */
		7154EF4220AFB8CE0007AE65 /* Main.storyboard */ = {
			isa = PBXVariantGroup;
			children = (
				7154EF4320AFB8CE0007AE65 /* Base */,
			);
			name = Main.storyboard;
			sourceTree = "<group>";
		};
		7154EF4720AFB8D00007AE65 /* LaunchScreen.storyboard */ = {
			isa = PBXVariantGroup;
			children = (
				7154EF4820AFB8D00007AE65 /* Base */,
			);
			name = LaunchScreen.storyboard;
			sourceTree = "<group>";
		};
/* End PBXVariantGroup section */

/* Begin XCBuildConfiguration section */
		7154EF6120AFB8D00007AE65 /* Debug */ = {
			isa = XCBuildConfiguration;
			buildSettings = {
				ALWAYS_SEARCH_USER_PATHS = NO;
				CLANG_ANALYZER_NONNULL = YES;
				CLANG_ANALYZER_NUMBER_OBJECT_CONVERSION = YES_AGGRESSIVE;
				CLANG_CXX_LANGUAGE_STANDARD = "gnu++14";
				CLANG_CXX_LIBRARY = "libc++";
				CLANG_ENABLE_MODULES = YES;
				CLANG_ENABLE_OBJC_ARC = YES;
				CLANG_ENABLE_OBJC_WEAK = YES;
				CLANG_WARN_BLOCK_CAPTURE_AUTORELEASING = YES;
				CLANG_WARN_BOOL_CONVERSION = YES;
				CLANG_WARN_COMMA = YES;
				CLANG_WARN_CONSTANT_CONVERSION = YES;
				CLANG_WARN_DEPRECATED_OBJC_IMPLEMENTATIONS = YES;
				CLANG_WARN_DIRECT_OBJC_ISA_USAGE = YES_ERROR;
				CLANG_WARN_DOCUMENTATION_COMMENTS = YES;
				CLANG_WARN_EMPTY_BODY = YES;
				CLANG_WARN_ENUM_CONVERSION = YES;
				CLANG_WARN_INFINITE_RECURSION = YES;
				CLANG_WARN_INT_CONVERSION = YES;
				CLANG_WARN_NON_LITERAL_NULL_CONVERSION = YES;
				CLANG_WARN_OBJC_IMPLICIT_RETAIN_SELF = YES;
				CLANG_WARN_OBJC_LITERAL_CONVERSION = YES;
				CLANG_WARN_OBJC_ROOT_CLASS = YES_ERROR;
				CLANG_WARN_RANGE_LOOP_ANALYSIS = YES;
				CLANG_WARN_STRICT_PROTOTYPES = YES;
				CLANG_WARN_SUSPICIOUS_MOVE = YES;
				CLANG_WARN_UNGUARDED_AVAILABILITY = YES_AGGRESSIVE;
				CLANG_WARN_UNREACHABLE_CODE = YES;
				CLANG_WARN__DUPLICATE_METHOD_MATCH = YES;
				CODE_SIGN_IDENTITY = "iPhone Developer";
				COPY_PHASE_STRIP = NO;
				DEBUG_INFORMATION_FORMAT = dwarf;
				ENABLE_STRICT_OBJC_MSGSEND = YES;
				ENABLE_TESTABILITY = YES;
				GCC_C_LANGUAGE_STANDARD = gnu11;
				GCC_DYNAMIC_NO_PIC = NO;
				GCC_NO_COMMON_BLOCKS = YES;
				GCC_OPTIMIZATION_LEVEL = 0;
				GCC_PREPROCESSOR_DEFINITIONS = (
					"DEBUG=1",
					"$(inherited)",
				);
				GCC_WARN_64_TO_32_BIT_CONVERSION = YES;
				GCC_WARN_ABOUT_RETURN_TYPE = YES_ERROR;
				GCC_WARN_UNDECLARED_SELECTOR = YES;
				GCC_WARN_UNINITIALIZED_AUTOS = YES_AGGRESSIVE;
				GCC_WARN_UNUSED_FUNCTION = YES;
				GCC_WARN_UNUSED_VARIABLE = YES;
				IPHONEOS_DEPLOYMENT_TARGET = 11.3;
				MTL_ENABLE_DEBUG_INFO = YES;
				ONLY_ACTIVE_ARCH = YES;
				SDKROOT = iphoneos;
				SWIFT_ACTIVE_COMPILATION_CONDITIONS = DEBUG;
				SWIFT_OPTIMIZATION_LEVEL = "-Onone";
			};
			name = Debug;
		};
		7154EF6220AFB8D00007AE65 /* Release */ = {
			isa = XCBuildConfiguration;
			buildSettings = {
				ALWAYS_SEARCH_USER_PATHS = NO;
				CLANG_ANALYZER_NONNULL = YES;
				CLANG_ANALYZER_NUMBER_OBJECT_CONVERSION = YES_AGGRESSIVE;
				CLANG_CXX_LANGUAGE_STANDARD = "gnu++14";
				CLANG_CXX_LIBRARY = "libc++";
				CLANG_ENABLE_MODULES = YES;
				CLANG_ENABLE_OBJC_ARC = YES;
				CLANG_ENABLE_OBJC_WEAK = YES;
				CLANG_WARN_BLOCK_CAPTURE_AUTORELEASING = YES;
				CLANG_WARN_BOOL_CONVERSION = YES;
				CLANG_WARN_COMMA = YES;
				CLANG_WARN_CONSTANT_CONVERSION = YES;
				CLANG_WARN_DEPRECATED_OBJC_IMPLEMENTATIONS = YES;
				CLANG_WARN_DIRECT_OBJC_ISA_USAGE = YES_ERROR;
				CLANG_WARN_DOCUMENTATION_COMMENTS = YES;
				CLANG_WARN_EMPTY_BODY = YES;
				CLANG_WARN_ENUM_CONVERSION = YES;
				CLANG_WARN_INFINITE_RECURSION = YES;
				CLANG_WARN_INT_CONVERSION = YES;
				CLANG_WARN_NON_LITERAL_NULL_CONVERSION = YES;
				CLANG_WARN_OBJC_IMPLICIT_RETAIN_SELF = YES;
				CLANG_WARN_OBJC_LITERAL_CONVERSION = YES;
				CLANG_WARN_OBJC_ROOT_CLASS = YES_ERROR;
				CLANG_WARN_RANGE_LOOP_ANALYSIS = YES;
				CLANG_WARN_STRICT_PROTOTYPES = YES;
				CLANG_WARN_SUSPICIOUS_MOVE = YES;
				CLANG_WARN_UNGUARDED_AVAILABILITY = YES_AGGRESSIVE;
				CLANG_WARN_UNREACHABLE_CODE = YES;
				CLANG_WARN__DUPLICATE_METHOD_MATCH = YES;
				CODE_SIGN_IDENTITY = "iPhone Developer";
				COPY_PHASE_STRIP = NO;
				DEBUG_INFORMATION_FORMAT = "dwarf-with-dsym";
				ENABLE_NS_ASSERTIONS = NO;
				ENABLE_STRICT_OBJC_MSGSEND = YES;
				GCC_C_LANGUAGE_STANDARD = gnu11;
				GCC_NO_COMMON_BLOCKS = YES;
				GCC_WARN_64_TO_32_BIT_CONVERSION = YES;
				GCC_WARN_ABOUT_RETURN_TYPE = YES_ERROR;
				GCC_WARN_UNDECLARED_SELECTOR = YES;
				GCC_WARN_UNINITIALIZED_AUTOS = YES_AGGRESSIVE;
				GCC_WARN_UNUSED_FUNCTION = YES;
				GCC_WARN_UNUSED_VARIABLE = YES;
				IPHONEOS_DEPLOYMENT_TARGET = 11.3;
				MTL_ENABLE_DEBUG_INFO = NO;
				SDKROOT = iphoneos;
				SWIFT_COMPILATION_MODE = wholemodule;
				SWIFT_OPTIMIZATION_LEVEL = "-O";
				VALIDATE_PRODUCT = YES;
			};
			name = Release;
		};
		7154EF6420AFB8D00007AE65 /* Debug */ = {
			isa = XCBuildConfiguration;
			buildSettings = {
				ASSETCATALOG_COMPILER_APPICON_NAME = AppIcon;
				CODE_SIGN_STYLE = Automatic;
				DEVELOPMENT_TEAM = 4643ASM4F4;
				INFOPLIST_FILE = del2/Info.plist;
				LD_RUNPATH_SEARCH_PATHS = (
					"$(inherited)",
					"@executable_path/Frameworks",
				);
				PRODUCT_BUNDLE_IDENTIFIER = com.tikomo.del2;
				PRODUCT_NAME = "$(TARGET_NAME)";
				SWIFT_VERSION = 4.0;
				TARGETED_DEVICE_FAMILY = "1,2";
			};
			name = Debug;
		};
		7154EF6520AFB8D00007AE65 /* Release */ = {
			isa = XCBuildConfiguration;
			buildSettings = {
				ASSETCATALOG_COMPILER_APPICON_NAME = AppIcon;
				CODE_SIGN_STYLE = Automatic;
				DEVELOPMENT_TEAM = 4643ASM4F4;
				INFOPLIST_FILE = del2/Info.plist;
				LD_RUNPATH_SEARCH_PATHS = (
					"$(inherited)",
					"@executable_path/Frameworks",
				);
				PRODUCT_BUNDLE_IDENTIFIER = com.tikomo.del2;
				PRODUCT_NAME = "$(TARGET_NAME)";
				SWIFT_VERSION = 4.0;
				TARGETED_DEVICE_FAMILY = "1,2";
			};
			name = Release;
		};
		7154EF6720AFB8D00007AE65 /* Debug */ = {
			isa = XCBuildConfiguration;
			buildSettings = {
				ALWAYS_EMBED_SWIFT_STANDARD_LIBRARIES = YES;
				BUNDLE_LOADER = "$(TEST_HOST)";
				CODE_SIGN_STYLE = Automatic;
				INFOPLIST_FILE = del2Tests/Info.plist;
				LD_RUNPATH_SEARCH_PATHS = (
					"$(inherited)",
					"@executable_path/Frameworks",
					"@loader_path/Frameworks",
				);
				PRODUCT_BUNDLE_IDENTIFIER = com.tikomo.del2Tests;
				PRODUCT_NAME = "$(TARGET_NAME)";
				SWIFT_VERSION = 4.0;
				TARGETED_DEVICE_FAMILY = "1,2";
				TEST_HOST = "$(BUILT_PRODUCTS_DIR)/del2.app/del2";
			};
			name = Debug;
		};
		7154EF6820AFB8D00007AE65 /* Release */ = {
			isa = XCBuildConfiguration;
			buildSettings = {
				ALWAYS_EMBED_SWIFT_STANDARD_LIBRARIES = YES;
				BUNDLE_LOADER = "$(TEST_HOST)";
				CODE_SIGN_STYLE = Automatic;
				INFOPLIST_FILE = del2Tests/Info.plist;
				LD_RUNPATH_SEARCH_PATHS = (
					"$(inherited)",
					"@executable_path/Frameworks",
					"@loader_path/Frameworks",
				);
				PRODUCT_BUNDLE_IDENTIFIER = com.tikomo.del2Tests;
				PRODUCT_NAME = "$(TARGET_NAME)";
				SWIFT_VERSION = 4.0;
				TARGETED_DEVICE_FAMILY = "1,2";
				TEST_HOST = "$(BUILT_PRODUCTS_DIR)/del2.app/del2";
			};
			name = Release;
		};
		7154EF6A20AFB8D00007AE65 /* Debug */ = {
			isa = XCBuildConfiguration;
			buildSettings = {
				ALWAYS_EMBED_SWIFT_STANDARD_LIBRARIES = YES;
				CODE_SIGN_STYLE = Automatic;
				INFOPLIST_FILE = del2UITests/Info.plist;
				LD_RUNPATH_SEARCH_PATHS = (
					"$(inherited)",
					"@executable_path/Frameworks",
					"@loader_path/Frameworks",
				);
				PRODUCT_BUNDLE_IDENTIFIER = com.tikomo.del2UITests;
				PRODUCT_NAME = "$(TARGET_NAME)";
				SWIFT_VERSION = 4.0;
				TARGETED_DEVICE_FAMILY = "1,2";
				TEST_TARGET_NAME = del2;
			};
			name = Debug;
		};
		7154EF6B20AFB8D00007AE65 /* Release */ = {
			isa = XCBuildConfiguration;
			buildSettings = {
				ALWAYS_EMBED_SWIFT_STANDARD_LIBRARIES = YES;
				CODE_SIGN_STYLE = Automatic;
				INFOPLIST_FILE = del2UITests/Info.plist;
				LD_RUNPATH_SEARCH_PATHS = (
					"$(inherited)",
					"@executable_path/Frameworks",
					"@loader_path/Frameworks",
				);
				PRODUCT_BUNDLE_IDENTIFIER = com.tikomo.del2UITests;
				PRODUCT_NAME = "$(TARGET_NAME)";
				SWIFT_VERSION = 4.0;
				TARGETED_DEVICE_FAMILY = "1,2";
				TEST_TARGET_NAME = del2;
			};
			name = Release;
		};
/* End XCBuildConfiguration section */

/* Begin XCConfigurationList section */
		7154EF3620AFB8CE0007AE65 /* Build configuration list for PBXProject "del2" */ = {
			isa = XCConfigurationList;
			buildConfigurations = (
				7154EF6120AFB8D00007AE65 /* Debug */,
				7154EF6220AFB8D00007AE65 /* Release */,
			);
			defaultConfigurationIsVisible = 0;
			defaultConfigurationName = Release;
		};
		7154EF6320AFB8D00007AE65 /* Build configuration list for PBXNativeTarget "del2" */ = {
			isa = XCConfigurationList;
			buildConfigurations = (
				7154EF6420AFB8D00007AE65 /* Debug */,
				7154EF6520AFB8D00007AE65 /* Release */,
			);
			defaultConfigurationIsVisible = 0;
			defaultConfigurationName = Release;
		};
		7154EF6620AFB8D00007AE65 /* Build configuration list for PBXNativeTarget "del2Tests" */ = {
			isa = XCConfigurationList;
			buildConfigurations = (
				7154EF6720AFB8D00007AE65 /* Debug */,
				7154EF6820AFB8D00007AE65 /* Release */,
			);
			defaultConfigurationIsVisible = 0;
			defaultConfigurationName = Release;
		};
		7154EF6920AFB8D00007AE65 /* Build configuration list for PBXNativeTarget "del2UITests" */ = {
			isa = XCConfigurationList;
			buildConfigurations = (
				7154EF6A20AFB8D00007AE65 /* Debug */,
				7154EF6B20AFB8D00007AE65 /* Release */,
			);
			defaultConfigurationIsVisible = 0;
			defaultConfigurationName = Release;
		};
/* End XCConfigurationList section */
	};
	rootObject = 7154EF3320AFB8CE0007AE65 /* Project object */;
}
